
Microsoft Visual Studio Solution File, Format Version 12.00
# Visual Studio Version 16
VisualStudioVersion = 16.0.31229.75
MinimumVisualStudioVersion = 10.0.40219.1
Project("{FAE04EC0-301F-11D3-BF4B-00C04F79EFBC}") = "CameraApp", "CameraApp\CameraApp.csproj", "{797FA12C-01E7-4A5E-9D6A-0A053DC8AE1E}"
EndProject
Global
	GlobalSection(SolutionConfigurationPlatforms) = preSolution
		Debug|Any CPU = Debug|Any CPU
		Release|Any CPU = Release|Any CPU
	EndGlobalSection
	GlobalSection(ProjectConfigurationPlatforms) = postSolution
		{797FA12C-01E7-4A5E-9D6A-0A053DC8AE1E}.Debug|Any CPU.ActiveCfg = Debug|Any CPU
		{797FA12C-01E7-4A5E-9D6A-0A053DC8AE1E}.Debug|Any CPU.Build.0 = Debug|Any CPU
		{797FA12C-01E7-4A5E-9D6A-0A053DC8AE1E}.Release|Any CPU.ActiveCfg = Release|Any CPU
		{797FA12C-01E7-4A5E-9D6A-0A053DC8AE1E}.Release|Any CPU.Build.0 = Release|Any CPU
	EndGlobalSection
	GlobalSection(SolutionProperties) = preSolution
		HideSolutionNode = FALSE
	EndGlobalSection
	GlobalSection(ExtensibilityGlobals) = postSolution
		SolutionGuid = {53D5064A-D8FF-48F6-8B88-75EACD23CF8B}
	EndGlobalSection
EndGlobal
